<?xml version="1.0" encoding="utf-8"?>
<Project ToolsVersion="4.0" xmlns="http://schemas.microsoft.com/developer/msbuild/2003">
  <ItemGroup>
    <Filter Include="소스 파일">
      <UniqueIdentifier>{4FC737F1-C7A5-4376-A066-2A32D752A2FF}</UniqueIdentifier>
      <Extensions>cpp;c;cc;cxx;def;odl;idl;hpj;bat;asm;asmx</Extensions>
    </Filter>
    <Filter Include="헤더 파일">
      <UniqueIdentifier>{93995380-89BD-4b04-88EB-625FBE52EBFB}</UniqueIdentifier>
      <Extensions>h;hpp;hxx;hm;inl;inc;xsd</Extensions>
    </Filter>
    <Filter Include="리소스 파일">
      <UniqueIdentifier>{67DA6AB6-F800-4c08-8B7A-83BB121AAD01}</UniqueIdentifier>
      <Extensions>rc;ico;cur;bmp;dlg;rc2;rct;bin;rgs;gif;jpg;jpeg;jpe;resx;tiff;tif;png;wav;mfcribbon-ms</Extensions>
    </Filter>
    <Filter Include="헤더 파일\sqlite">
      <UniqueIdentifier>{58966864-b7c0-44d5-a9d1-3705cd0ef1ce}</UniqueIdentifier>
    </Filter>
  </ItemGroup>
  <ItemGroup>
    <ClCompile Include="main.cpp">
      <Filter>소스 파일</Filter>
    </ClCompile>
    <ClCompile Include="cQAsystem.cpp">
      <Filter>소스 파일</Filter>
    </ClCompile>
    <ClCompile Include="SqliteConnector.cpp">
      <Filter>소스 파일</Filter>
    </ClCompile>
    <ClCompile Include="sqlite\sqlite3.c">
      <Filter>헤더 파일\sqlite</Filter>
    </ClCompile>
    <ClCompile Include="FreqBasedTrainer.cpp">
      <Filter>소스 파일</Filter>
    </ClCompile>
    <ClCompile Include="RapidXmlParser.cpp">
      <Filter>소스 파일</Filter>
    </ClCompile>
    <ClCompile Include="QryAnalCosSim.cpp">
      <Filter>소스 파일</Filter>
    </ClCompile>
    <ClCompile Include="CosineSimilarity.cpp">
      <Filter>소스 파일</Filter>
    </ClCompile>
  </ItemGroup>
  <ItemGroup>
    <ClInclude Include="KoreanMorphologicalAnalyzer.h">
      <Filter>헤더 파일</Filter>
    </ClInclude>
    <ClInclude Include="Term.h">
      <Filter>헤더 파일</Filter>
    </ClInclude>
    <ClInclude Include="QAsystem.h">
      <Filter>헤더 파일</Filter>
    </ClInclude>
    <ClInclude Include="cQAsystem.h">
      <Filter>헤더 파일</Filter>
    </ClInclude>
    <ClInclude Include="SqliteConnector.h">
      <Filter>헤더 파일</Filter>
    </ClInclude>
    <ClInclude Include="sqlite\sqlite3.h">
      <Filter>헤더 파일\sqlite</Filter>
    </ClInclude>
    <ClInclude Include="sqlite\sqlite3ext.h">
      <Filter>헤더 파일\sqlite</Filter>
    </ClInclude>
    <ClInclude Include="StdRedef.h">
      <Filter>헤더 파일</Filter>
    </ClInclude>
    <ClInclude Include="FreqBasedTrainer.h">
      <Filter>헤더 파일</Filter>
    </ClInclude>
    <ClInclude Include="RapidXmlParser.h">
      <Filter>헤더 파일</Filter>
    </ClInclude>
    <ClInclude Include="winDirent.h">
      <Filter>헤더 파일</Filter>
    </ClInclude>
    <ClInclude Include="BaseTrainer.h">
      <Filter>헤더 파일</Filter>
    </ClInclude>
    <ClInclude Include="QueryAnalyzer.h">
      <Filter>헤더 파일</Filter>
    </ClInclude>
    <ClInclude Include="QryAnalCosSim.h">
      <Filter>헤더 파일</Filter>
    </ClInclude>
    <ClInclude Include="ScoreCalculator.h">
      <Filter>헤더 파일</Filter>
    </ClInclude>
    <ClInclude Include="CosineSimilarity.h">
      <Filter>헤더 파일</Filter>
    </ClInclude>
  </ItemGroup>
</Project>